
Microsoft Visual Studio Solution File, Format Version 12.00
# Visual Studio Version 16
VisualStudioVersion = 16.0.30804.86
MinimumVisualStudioVersion = 10.0.40219.1
Project("{FAE04EC0-301F-11D3-BF4B-00C04F79EFBC}") = "kocka", "kocka\kocka.csproj", "{F6805260-5A59-4463-B3DC-FC6EA8127777}"
EndProject
Global
	GlobalSection(SolutionConfigurationPlatforms) = preSolution
		Debug|Any CPU = Debug|Any CPU
		Release|Any CPU = Release|Any CPU
	EndGlobalSection
	GlobalSection(ProjectConfigurationPlatforms) = postSolution
		{F6805260-5A59-4463-B3DC-FC6EA8127777}.Debug|Any CPU.ActiveCfg = Debug|Any CPU
		{F6805260-5A59-4463-B3DC-FC6EA8127777}.Debug|Any CPU.Build.0 = Debug|Any CPU
		{F6805260-5A59-4463-B3DC-FC6EA8127777}.Release|Any CPU.ActiveCfg = Release|Any CPU
		{F6805260-5A59-4463-B3DC-FC6EA8127777}.Release|Any CPU.Build.0 = Release|Any CPU
	EndGlobalSection
	GlobalSection(SolutionProperties) = preSolution
		HideSolutionNode = FALSE
	EndGlobalSection
	GlobalSection(ExtensibilityGlobals) = postSolution
		SolutionGuid = {32300648-54E3-4D7E-871D-6E55EF94A3A7}
	EndGlobalSection
EndGlobal
